{
  "name": "ibjs",
  "version": "0.12.1",
  "lockfileVersion": 1,
  "requires": true,
  "dependencies": {
    "command-buffer": {
      "version": "0.1.0",
      "resolved": "https://registry.npmjs.org/command-buffer/-/command-buffer-0.1.0.tgz",
      "integrity": "sha1-ztP0D3cokxTbkct37zsAwzLo4mg="
    },
    "commander": {
      "version": "2.13.0",
      "resolved": "https://registry.npmjs.org/commander/-/commander-2.13.0.tgz",
      "integrity": "sha512-MVuS359B+YzaWqjCL/c+22gfryv+mCBPHAv3zyVI2GN8EY6IRP8VwtasXn8jyyhvvq84R4ImN1OKRtcbIasjYA=="
    },
    "function-rate-limit": {
      "version": "1.1.0",
      "resolved": "https://registry.npmjs.org/function-rate-limit/-/function-rate-limit-1.1.0.tgz",
      "integrity": "sha1-7M3xr5GPyVnrZQkFhgPkYuN/1oM="
    },
    "hyperactiv": {
      "version": "0.1.4",
      "resolved": "https://registry.npmjs.org/hyperactiv/-/hyperactiv-0.1.4.tgz",
      "integrity": "sha512-41Nc7P4F64hv9eWnmE8wn8F6gKQ4p/JuW59BDBMWoBds1yR79GmQq0Z3Ery5UnBVFlXW5GvoKJCBg445KDhFPw=="
    },
    "ib": {
      "version": "0.2.4",
      "resolved": "https://registry.npmjs.org/ib/-/ib-0.2.4.tgz",
      "integrity": "sha512-OYEP1aSMWFrppdp6KMaD2LtIduQ8e25sWrOkOjKqyjLHeTmhqXGhXbAstTQHOU7uw4qqLa2vWNygOAx/kCxJJw==",
      "requires": {
        "command-buffer": "0.1.0",
        "function-rate-limit": "1.1.0",
        "lodash": "4.17.4"
      }
    },
    "line-by-line": {
      "version": "0.1.6",
      "resolved": "https://registry.npmjs.org/line-by-line/-/line-by-line-0.1.6.tgz",
      "integrity": "sha512-MmwVPfOyp0lWnEZ3fBA8Ah4pMFvxO6WgWovqZNu7Y4J0TNnGcsV4S1LzECHbdgqk1hoHc2mFP1Axc37YUqwafg=="
    },
    "lodash": {
      "version": "4.17.4",
      "resolved": "https://registry.npmjs.org/lodash/-/lodash-4.17.4.tgz",
      "integrity": "sha1-eCA6TRwyiuHYbcpkYONptX9AVa4="
    },
    "luxon": {
      "version": "0.3.1",
      "resolved": "https://registry.npmjs.org/luxon/-/luxon-0.3.1.tgz",
      "integrity": "sha512-8aiFrZ/mBrYTiC7tCOK0Je5smsf0/zZae6reikl4Thlg4P9aun+ZFXQzBRWJ/6ZKTaFBYfhXZ9+VdNlK0XbbjQ=="
    },
    "sax": {
      "version": "1.2.4",
      "resolved": "https://registry.npmjs.org/sax/-/sax-1.2.4.tgz",
      "integrity": "sha512-NqVDv9TpANUjFm0N8uM5GxL36UgKi9/atZw+x7YFnQ8ckwFGKrl4xX4yWtrey3UJm5nP1kUbnYgLopqWNSRhWw=="
    },
    "sugar": {
      "version": "2.0.4",
      "resolved": "https://registry.npmjs.org/sugar/-/sugar-2.0.4.tgz",
      "integrity": "sha1-eab6TavFh/uFWlLucXbdBCv3V7A=",
      "requires": {
        "sugar-core": "2.0.4"
      }
    },
    "sugar-core": {
      "version": "2.0.4",
      "resolved": "https://registry.npmjs.org/sugar-core/-/sugar-core-2.0.4.tgz",
      "integrity": "sha1-nbBzDmxH630oGEp5xKsYsreUbKA="
    },
    "xml2js": {
      "version": "0.4.19",
      "resolved": "https://registry.npmjs.org/xml2js/-/xml2js-0.4.19.tgz",
      "integrity": "sha512-esZnJZJOiJR9wWKMyuvSE1y6Dq5LCuJanqhxslH2bxM6duahNZ+HMpCLhBQGZkbX6xRf8x1Y2eJlgt2q3qo49Q==",
      "requires": {
        "sax": "1.2.4",
        "xmlbuilder": "9.0.4"
      }
    },
    "xmlbuilder": {
      "version": "9.0.4",
      "resolved": "https://registry.npmjs.org/xmlbuilder/-/xmlbuilder-9.0.4.tgz",
      "integrity": "sha1-UZy0ymhtAFqEINNJbz8MruzKWA8="
    }
  }
}
