{
  "name": "ib-sdk",
  "version": "0.8.8",
  "lockfileVersion": 1,
  "requires": true,
  "dependencies": {
    "colors": {
      "version": "1.1.2",
      "resolved": "https://registry.npmjs.org/colors/-/colors-1.1.2.tgz",
      "integrity": "sha1-FopHAXVran9RoSzgyXv6KMCE7WM="
    },
    "command-buffer": {
      "version": "0.1.0",
      "resolved": "https://registry.npmjs.org/command-buffer/-/command-buffer-0.1.0.tgz",
      "integrity": "sha1-ztP0D3cokxTbkct37zsAwzLo4mg="
    },
    "complex.js": {
      "version": "2.0.4",
      "resolved": "https://registry.npmjs.org/complex.js/-/complex.js-2.0.4.tgz",
      "integrity": "sha512-Syl95HpxUTS0QjwNxencZsKukgh1zdS9uXeXX2Us0pHaqBR6kiZZi0AkZ9VpZFwHJyVIUVzI4EumjWdXP3fy6w=="
    },
    "decimal.js": {
      "version": "7.2.3",
      "resolved": "https://registry.npmjs.org/decimal.js/-/decimal.js-7.2.3.tgz",
      "integrity": "sha512-AoFI37QS0S87Ft0r3Bdz4q9xSpm1Paa9lSeKLXgMPk/u/+QPIM5Gy4DHcZQS1seqPJH4gHLauPGn347z0HbsrA=="
    },
    "fraction.js": {
      "version": "4.0.2",
      "resolved": "https://registry.npmjs.org/fraction.js/-/fraction.js-4.0.2.tgz",
      "integrity": "sha512-OswcigOSil3vYXgrPSx4NCaSyPikXqVNYN/4CyhS0ucVOJ4GVYr6KQQLLcAudvS/4bBOzxqJ3XIsFaaMjl98ZQ=="
    },
    "function-rate-limit": {
      "version": "1.1.0",
      "resolved": "https://registry.npmjs.org/function-rate-limit/-/function-rate-limit-1.1.0.tgz",
      "integrity": "sha1-7M3xr5GPyVnrZQkFhgPkYuN/1oM="
    },
    "ib": {
      "version": "0.2.1",
      "resolved": "https://registry.npmjs.org/ib/-/ib-0.2.1.tgz",
      "integrity": "sha512-1R7cwK28TDiRWa67iP+4PHJGvYFyZNbJHjstNQPKzqKLmX+vO3RLU+bY9vPmcapg0xsnCa72amAFSgCPE9dYLQ==",
      "requires": {
        "command-buffer": "0.1.0",
        "function-rate-limit": "1.1.0",
        "lodash": "4.6.1"
      }
    },
    "javascript-natural-sort": {
      "version": "0.7.1",
      "resolved": "https://registry.npmjs.org/javascript-natural-sort/-/javascript-natural-sort-0.7.1.tgz",
      "integrity": "sha1-+eIwPUUH9tdDVac2ZNFED7Wg71k="
    },
    "lodash": {
      "version": "4.6.1",
      "resolved": "https://registry.npmjs.org/lodash/-/lodash-4.6.1.tgz",
      "integrity": "sha1-3wDBFkrSNrGDz8OIel6NOMxjy7w="
    },
    "mathjs": {
      "version": "3.14.2",
      "resolved": "https://registry.npmjs.org/mathjs/-/mathjs-3.14.2.tgz",
      "integrity": "sha1-u3m33IeLf1hs5AirBnqaQtsuei0=",
      "requires": {
        "complex.js": "2.0.4",
        "decimal.js": "7.2.3",
        "fraction.js": "4.0.2",
        "javascript-natural-sort": "0.7.1",
        "seed-random": "2.2.0",
        "tiny-emitter": "2.0.0",
        "typed-function": "0.10.5"
      }
    },
    "sax": {
      "version": "1.2.4",
      "resolved": "https://registry.npmjs.org/sax/-/sax-1.2.4.tgz",
      "integrity": "sha512-NqVDv9TpANUjFm0N8uM5GxL36UgKi9/atZw+x7YFnQ8ckwFGKrl4xX4yWtrey3UJm5nP1kUbnYgLopqWNSRhWw=="
    },
    "seed-random": {
      "version": "2.2.0",
      "resolved": "https://registry.npmjs.org/seed-random/-/seed-random-2.2.0.tgz",
      "integrity": "sha1-KpsZ4lCoFwmSMaW5mk2vgLf77VQ="
    },
    "sugar": {
      "version": "2.0.4",
      "resolved": "https://registry.npmjs.org/sugar/-/sugar-2.0.4.tgz",
      "integrity": "sha1-eab6TavFh/uFWlLucXbdBCv3V7A=",
      "requires": {
        "sugar-core": "2.0.4"
      }
    },
    "sugar-core": {
      "version": "2.0.4",
      "resolved": "https://registry.npmjs.org/sugar-core/-/sugar-core-2.0.4.tgz",
      "integrity": "sha1-nbBzDmxH630oGEp5xKsYsreUbKA="
    },
    "tiny-emitter": {
      "version": "2.0.0",
      "resolved": "https://registry.npmjs.org/tiny-emitter/-/tiny-emitter-2.0.0.tgz",
      "integrity": "sha1-utMnrbGAS0KiMa+nQVMr2ITNCa0="
    },
    "typed-function": {
      "version": "0.10.5",
      "resolved": "https://registry.npmjs.org/typed-function/-/typed-function-0.10.5.tgz",
      "integrity": "sha1-Lg8Yq9BlIZ+raUpEamXG0ZgYMsA="
    },
    "xml2js": {
      "version": "0.4.17",
      "resolved": "https://registry.npmjs.org/xml2js/-/xml2js-0.4.17.tgz",
      "integrity": "sha1-F76T6q4/O3eTWceVtBlwWogX6Gg=",
      "requires": {
        "sax": "1.2.4",
        "xmlbuilder": "4.2.1"
      }
    },
    "xmlbuilder": {
      "version": "4.2.1",
      "resolved": "https://registry.npmjs.org/xmlbuilder/-/xmlbuilder-4.2.1.tgz",
      "integrity": "sha1-qlijBBoGb5DqoWwvU4n/GfP0YaU=",
      "requires": {
        "lodash": "4.6.1"
      }
    }
  }
}
